// !$*UTF8*$!
{
	archiveVersion = 1;
	classes = {
	};
	objectVersion = 77;
	objects = {

/* Begin PBXBuildFile section */
		0625E6E12BF8933D99D18513 /* SetupLogic.swift in Sources */ = {isa = PBXBuildFile; fileRef = 99884DE231B60532FBAA60E4 /* SetupLogic.swift */; };
		0CD2D013DC0E6431D00D05EA /* PortCheck.swift in Sources */ = {isa = PBXBuildFile; fileRef = 7DEADF34A869370614DE3E80 /* PortCheck.swift */; };
		26AF116D56104A92424E28A5 /* ConfigWriter.swift in Sources */ = {isa = PBXBuildFile; fileRef = 92FA94CC1977C708C9D67CDD /* ConfigWriter.swift */; };
		27463D24CF71CB1DF37052E4 /* ConfigTests.swift in Sources */ = {isa = PBXBuildFile; fileRef = 610A6376565CA78C4E42A758 /* ConfigTests.swift */; };
		2E30914DCBECCE3C7657A8C0 /* Components.swift in Sources */ = {isa = PBXBuildFile; fileRef = 5644FE7F55B159FCA87C51DC /* Components.swift */; };
		328C0A54CF8FBEE00A1EEE16 /* IcecastService.swift in Sources */ = {isa = PBXBuildFile; fileRef = 531E5028415A84690E541BEC /* IcecastService.swift */; };
		3C5022967D33ABAA0CCA0F22 /* AppPaths.swift in Sources */ = {isa = PBXBuildFile; fileRef = C676164C4C310CCEE9148E6F /* AppPaths.swift */; };
		4D3FAAC2346F469C51FF1BC9 /* ShareViews.swift in Sources */ = {isa = PBXBuildFile; fileRef = 73863A5A273666FD146C34BF /* ShareViews.swift */; };
		58E83162EBEE0AC7C56F244F /* ServerView.swift in Sources */ = {isa = PBXBuildFile; fileRef = 57F0C5D22C5427ED56B258CC /* ServerView.swift */; };
		6836B71669609FF48B76ED58 /* iceKastApp.swift in Sources */ = {isa = PBXBuildFile; fileRef = ACAFCBBA30FAD9516949B899 /* iceKastApp.swift */; };
		70F318065183E3EECE5879CB /* StatusPoller.swift in Sources */ = {isa = PBXBuildFile; fileRef = 7DD2AC35357BF77A1D3AAE74 /* StatusPoller.swift */; };
		86C35CCCD314E286FA4310C1 /* StatusParser.swift in Sources */ = {isa = PBXBuildFile; fileRef = 31535E4E7D3D40A948F266E3 /* StatusParser.swift */; };
		8C31F7686A91EF615565D4A4 /* DirectoryListing.swift in Sources */ = {isa = PBXBuildFile; fileRef = EE3DBED1D2ACB1F8185BE6B1 /* DirectoryListing.swift */; };
		9197E600CD085B542496E3FE /* AppModel.swift in Sources */ = {isa = PBXBuildFile; fileRef = B73ED26928D799F4A29B7C20 /* AppModel.swift */; };
		97917B74A15552A6C141652F /* Encoders.swift in Sources */ = {isa = PBXBuildFile; fileRef = 6340ADCFC2C60345328F66AE /* Encoders.swift */; };
		9ED733F0CE23A69C8280F1BC /* NetworkInfo.swift in Sources */ = {isa = PBXBuildFile; fileRef = 8379F8D7BD0E6BD4842B0891 /* NetworkInfo.swift */; };
		A10916E93C379042D8E3ABF0 /* MountView.swift in Sources */ = {isa = PBXBuildFile; fileRef = 4D35D86879EE68B5922EBDCD /* MountView.swift */; };
		A325D6AD4A7A2981DFD839F0 /* StreamInfoText.swift in Sources */ = {isa = PBXBuildFile; fileRef = D45F394AA924C7161E3255AF /* StreamInfoText.swift */; };
		A3C1C56E92FD40D1B05275C9 /* ContentView.swift in Sources */ = {isa = PBXBuildFile; fileRef = 79FC1BC9BE4F429C9A957680 /* ContentView.swift */; };
		AAC00DFD6C2D7E2DE2FEDD53 /* SnapshotTests.swift in Sources */ = {isa = PBXBuildFile; fileRef = BAD932A8C31C8D974532BC57 /* SnapshotTests.swift */; };
		AD5EA5C61B6D72D55EAD5B0D /* Validator.swift in Sources */ = {isa = PBXBuildFile; fileRef = FB853C43E6424077C91F3D3A /* Validator.swift */; };
		C4667516C71D1F93E004A086 /* Assets.xcassets in Resources */ = {isa = PBXBuildFile; fileRef = 86A786A69B79DBD00861CE27 /* Assets.xcassets */; };
		C8DDFE3FB2D624AC0E479C05 /* LoginItem.swift in Sources */ = {isa = PBXBuildFile; fileRef = 82908C60BA35860B7437BCAF /* LoginItem.swift */; };
		CA744E4C9B4D50BF4F61EA54 /* ShareLinks.swift in Sources */ = {isa = PBXBuildFile; fileRef = D27A557DEC9605FFCEAD1A93 /* ShareLinks.swift */; };
		E1BA22D5E03A2E9F680B9716 /* SetupWizard.swift in Sources */ = {isa = PBXBuildFile; fileRef = 6341B04511F3D36DBC0DBCAA /* SetupWizard.swift */; };
		E1C899DA158C9994A5C958CC /* Config.swift in Sources */ = {isa = PBXBuildFile; fileRef = 5FF5C092EAC8C690C680366E /* Config.swift */; };
		E4361044E9F2B41EC5FD1A9E /* AlertTracker.swift in Sources */ = {isa = PBXBuildFile; fileRef = 062DF1A19BF879457EFD9C55 /* AlertTracker.swift */; };
		EFC55D331D561913CEE386DD /* AlertTests.swift in Sources */ = {isa = PBXBuildFile; fileRef = 0ED34A64450AEDB617D039B4 /* AlertTests.swift */; };
		F163D26329BDDA9B885CB237 /* Notifier.swift in Sources */ = {isa = PBXBuildFile; fileRef = 70583F6B38B1B26398529029 /* Notifier.swift */; };
/* End PBXBuildFile section */

/* Begin PBXContainerItemProxy section */
		EEB6318B5196ABB95A8CEFEA /* PBXContainerItemProxy */ = {
			isa = PBXContainerItemProxy;
			containerPortal = 22CEAB74B9D80F4133EB5899 /* Project object */;
			proxyType = 1;
			remoteGlobalIDString = 44B4E3566E74816763EAE881;
			remoteInfo = iceKast;
		};
/* End PBXContainerItemProxy section */

/* Begin PBXFileReference section */
		062DF1A19BF879457EFD9C55 /* AlertTracker.swift */ = {isa = PBXFileReference; lastKnownFileType = sourcecode.swift; path = AlertTracker.swift; sourceTree = "<group>"; };
		0ED34A64450AEDB617D039B4 /* AlertTests.swift */ = {isa = PBXFileReference; lastKnownFileType = sourcecode.swift; path = AlertTests.swift; sourceTree = "<group>"; };
		31124CD52E82DBF1E0AD3469 /* Info.plist */ = {isa = PBXFileReference; lastKnownFileType = text.plist; path = Info.plist; sourceTree = "<group>"; };
		31535E4E7D3D40A948F266E3 /* StatusParser.swift */ = {isa = PBXFileReference; lastKnownFileType = sourcecode.swift; path = StatusParser.swift; sourceTree = "<group>"; };
		4D35D86879EE68B5922EBDCD /* MountView.swift */ = {isa = PBXFileReference; lastKnownFileType = sourcecode.swift; path = MountView.swift; sourceTree = "<group>"; };
		531E5028415A84690E541BEC /* IcecastService.swift */ = {isa = PBXFileReference; lastKnownFileType = sourcecode.swift; path = IcecastService.swift; sourceTree = "<group>"; };
		5644FE7F55B159FCA87C51DC /* Components.swift */ = {isa = PBXFileReference; lastKnownFileType = sourcecode.swift; path = Components.swift; sourceTree = "<group>"; };
		57F0C5D22C5427ED56B258CC /* ServerView.swift */ = {isa = PBXFileReference; lastKnownFileType = sourcecode.swift; path = ServerView.swift; sourceTree = "<group>"; };
		5FF5C092EAC8C690C680366E /* Config.swift */ = {isa = PBXFileReference; lastKnownFileType = sourcecode.swift; path = Config.swift; sourceTree = "<group>"; };
		610A6376565CA78C4E42A758 /* ConfigTests.swift */ = {isa = PBXFileReference; lastKnownFileType = sourcecode.swift; path = ConfigTests.swift; sourceTree = "<group>"; };
		6340ADCFC2C60345328F66AE /* Encoders.swift */ = {isa = PBXFileReference; lastKnownFileType = sourcecode.swift; path = Encoders.swift; sourceTree = "<group>"; };
		6341B04511F3D36DBC0DBCAA /* SetupWizard.swift */ = {isa = PBXFileReference; lastKnownFileType = sourcecode.swift; path = SetupWizard.swift; sourceTree = "<group>"; };
		70583F6B38B1B26398529029 /* Notifier.swift */ = {isa = PBXFileReference; lastKnownFileType = sourcecode.swift; path = Notifier.swift; sourceTree = "<group>"; };
		73863A5A273666FD146C34BF /* ShareViews.swift */ = {isa = PBXFileReference; lastKnownFileType = sourcecode.swift; path = ShareViews.swift; sourceTree = "<group>"; };
		79FC1BC9BE4F429C9A957680 /* ContentView.swift */ = {isa = PBXFileReference; lastKnownFileType = sourcecode.swift; path = ContentView.swift; sourceTree = "<group>"; };
		7DD2AC35357BF77A1D3AAE74 /* StatusPoller.swift */ = {isa = PBXFileReference; lastKnownFileType = sourcecode.swift; path = StatusPoller.swift; sourceTree = "<group>"; };
		7DEADF34A869370614DE3E80 /* PortCheck.swift */ = {isa = PBXFileReference; lastKnownFileType = sourcecode.swift; path = PortCheck.swift; sourceTree = "<group>"; };
		81326921DC024F3508FF803E /* iceKastTests.xctest */ = {isa = PBXFileReference; explicitFileType = wrapper.cfbundle; includeInIndex = 0; path = iceKastTests.xctest; sourceTree = BUILT_PRODUCTS_DIR; };
		82908C60BA35860B7437BCAF /* LoginItem.swift */ = {isa = PBXFileReference; lastKnownFileType = sourcecode.swift; path = LoginItem.swift; sourceTree = "<group>"; };
		8379F8D7BD0E6BD4842B0891 /* NetworkInfo.swift */ = {isa = PBXFileReference; lastKnownFileType = sourcecode.swift; path = NetworkInfo.swift; sourceTree = "<group>"; };
		86A786A69B79DBD00861CE27 /* Assets.xcassets */ = {isa = PBXFileReference; lastKnownFileType = folder.assetcatalog; path = Assets.xcassets; sourceTree = "<group>"; };
		92FA94CC1977C708C9D67CDD /* ConfigWriter.swift */ = {isa = PBXFileReference; lastKnownFileType = sourcecode.swift; path = ConfigWriter.swift; sourceTree = "<group>"; };
		99884DE231B60532FBAA60E4 /* SetupLogic.swift */ = {isa = PBXFileReference; lastKnownFileType = sourcecode.swift; path = SetupLogic.swift; sourceTree = "<group>"; };
		AC2E5DE04E8C8B115D5F42CE /* iceKast.app */ = {isa = PBXFileReference; explicitFileType = wrapper.application; includeInIndex = 0; path = iceKast.app; sourceTree = BUILT_PRODUCTS_DIR; };
		ACAFCBBA30FAD9516949B899 /* iceKastApp.swift */ = {isa = PBXFileReference; lastKnownFileType = sourcecode.swift; path = iceKastApp.swift; sourceTree = "<group>"; };
		B73ED26928D799F4A29B7C20 /* AppModel.swift */ = {isa = PBXFileReference; lastKnownFileType = sourcecode.swift; path = AppModel.swift; sourceTree = "<group>"; };
		BAD932A8C31C8D974532BC57 /* SnapshotTests.swift */ = {isa = PBXFileReference; lastKnownFileType = sourcecode.swift; path = SnapshotTests.swift; sourceTree = "<group>"; };
		BF81CF1BC5A8D32216E95419 /* iceKast.entitlements */ = {isa = PBXFileReference; lastKnownFileType = text.plist.entitlements; path = iceKast.entitlements; sourceTree = "<group>"; };
		C676164C4C310CCEE9148E6F /* AppPaths.swift */ = {isa = PBXFileReference; lastKnownFileType = sourcecode.swift; path = AppPaths.swift; sourceTree = "<group>"; };
		D27A557DEC9605FFCEAD1A93 /* ShareLinks.swift */ = {isa = PBXFileReference; lastKnownFileType = sourcecode.swift; path = ShareLinks.swift; sourceTree = "<group>"; };
		D45F394AA924C7161E3255AF /* StreamInfoText.swift */ = {isa = PBXFileReference; lastKnownFileType = sourcecode.swift; path = StreamInfoText.swift; sourceTree = "<group>"; };
		EE3DBED1D2ACB1F8185BE6B1 /* DirectoryListing.swift */ = {isa = PBXFileReference; lastKnownFileType = sourcecode.swift; path = DirectoryListing.swift; sourceTree = "<group>"; };
		FB853C43E6424077C91F3D3A /* Validator.swift */ = {isa = PBXFileReference; lastKnownFileType = sourcecode.swift; path = Validator.swift; sourceTree = "<group>"; };
/* End PBXFileReference section */

/* Begin PBXGroup section */
		02C50238D71CB5ACAAC8B804 /* iceKastTests */ = {
			isa = PBXGroup;
			children = (
				0ED34A64450AEDB617D039B4 /* AlertTests.swift */,
				610A6376565CA78C4E42A758 /* ConfigTests.swift */,
				BAD932A8C31C8D974532BC57 /* SnapshotTests.swift */,
			);
			path = iceKastTests;
			sourceTree = "<group>";
		};
		0359EDB9D6814CB2BC93C074 /* iceKast */ = {
			isa = PBXGroup;
			children = (
				86A786A69B79DBD00861CE27 /* Assets.xcassets */,
				BF81CF1BC5A8D32216E95419 /* iceKast.entitlements */,
				31124CD52E82DBF1E0AD3469 /* Info.plist */,
				7D2C310C27ABF25EB213BC69 /* App */,
				8FDAFDF974E42BBC20EA1AE0 /* Model */,
				680A13B2498926035A05484F /* Services */,
				DA31F67415290C1B8A8711D6 /* Views */,
			);
			path = iceKast;
			sourceTree = "<group>";
		};
		680A13B2498926035A05484F /* Services */ = {
			isa = PBXGroup;
			children = (
				B73ED26928D799F4A29B7C20 /* AppModel.swift */,
				C676164C4C310CCEE9148E6F /* AppPaths.swift */,
				531E5028415A84690E541BEC /* IcecastService.swift */,
				82908C60BA35860B7437BCAF /* LoginItem.swift */,
				8379F8D7BD0E6BD4842B0891 /* NetworkInfo.swift */,
				70583F6B38B1B26398529029 /* Notifier.swift */,
				7DEADF34A869370614DE3E80 /* PortCheck.swift */,
				7DD2AC35357BF77A1D3AAE74 /* StatusPoller.swift */,
			);
			path = Services;
			sourceTree = "<group>";
		};
		7D2C310C27ABF25EB213BC69 /* App */ = {
			isa = PBXGroup;
			children = (
				ACAFCBBA30FAD9516949B899 /* iceKastApp.swift */,
			);
			path = App;
			sourceTree = "<group>";
		};
		8FDAFDF974E42BBC20EA1AE0 /* Model */ = {
			isa = PBXGroup;
			children = (
				062DF1A19BF879457EFD9C55 /* AlertTracker.swift */,
				5FF5C092EAC8C690C680366E /* Config.swift */,
				92FA94CC1977C708C9D67CDD /* ConfigWriter.swift */,
				EE3DBED1D2ACB1F8185BE6B1 /* DirectoryListing.swift */,
				6340ADCFC2C60345328F66AE /* Encoders.swift */,
				99884DE231B60532FBAA60E4 /* SetupLogic.swift */,
				D27A557DEC9605FFCEAD1A93 /* ShareLinks.swift */,
				31535E4E7D3D40A948F266E3 /* StatusParser.swift */,
				D45F394AA924C7161E3255AF /* StreamInfoText.swift */,
				FB853C43E6424077C91F3D3A /* Validator.swift */,
			);
			path = Model;
			sourceTree = "<group>";
		};
		ABC2754F1102E4F8CDB12FB6 = {
			isa = PBXGroup;
			children = (
				0359EDB9D6814CB2BC93C074 /* iceKast */,
				02C50238D71CB5ACAAC8B804 /* iceKastTests */,
				B608ED05D17B3978849F42D3 /* Products */,
			);
			sourceTree = "<group>";
		};
		B608ED05D17B3978849F42D3 /* Products */ = {
			isa = PBXGroup;
			children = (
				AC2E5DE04E8C8B115D5F42CE /* iceKast.app */,
				81326921DC024F3508FF803E /* iceKastTests.xctest */,
			);
			name = Products;
			sourceTree = "<group>";
		};
		DA31F67415290C1B8A8711D6 /* Views */ = {
			isa = PBXGroup;
			children = (
				5644FE7F55B159FCA87C51DC /* Components.swift */,
				79FC1BC9BE4F429C9A957680 /* ContentView.swift */,
				4D35D86879EE68B5922EBDCD /* MountView.swift */,
				57F0C5D22C5427ED56B258CC /* ServerView.swift */,
				6341B04511F3D36DBC0DBCAA /* SetupWizard.swift */,
				73863A5A273666FD146C34BF /* ShareViews.swift */,
			);
			path = Views;
			sourceTree = "<group>";
		};
/* End PBXGroup section */

/* Begin PBXNativeTarget section */
		44B4E3566E74816763EAE881 /* iceKast */ = {
			isa = PBXNativeTarget;
			buildConfigurationList = ED824A107567315E837AEAC5 /* Build configuration list for PBXNativeTarget "iceKast" */;
			buildPhases = (
				81F118436C94ED6C9D534CA5 /* Sources */,
				1EEAB333041A02A56A14FD91 /* Resources */,
				D3EEA0E1BF9CD6CE0B6FF5CE /* Bundle Icecast */,
			);
			buildRules = (
			);
			dependencies = (
			);
			name = iceKast;
			packageProductDependencies = (
			);
			productName = iceKast;
			productReference = AC2E5DE04E8C8B115D5F42CE /* iceKast.app */;
			productType = "com.apple.product-type.application";
		};
		64543A0CEF5170FD3D167B61 /* iceKastTests */ = {
			isa = PBXNativeTarget;
			buildConfigurationList = 87C4E1594F234C18D9A6D036 /* Build configuration list for PBXNativeTarget "iceKastTests" */;
			buildPhases = (
				B1D944B501E3378449C66679 /* Sources */,
			);
			buildRules = (
			);
			dependencies = (
				59C2BADB6F3E816E44DD9D48 /* PBXTargetDependency */,
			);
			name = iceKastTests;
			packageProductDependencies = (
			);
			productName = iceKastTests;
			productReference = 81326921DC024F3508FF803E /* iceKastTests.xctest */;
			productType = "com.apple.product-type.bundle.unit-test";
		};
/* End PBXNativeTarget section */

/* Begin PBXProject section */
		22CEAB74B9D80F4133EB5899 /* Project object */ = {
			isa = PBXProject;
			attributes = {
				BuildIndependentTargetsInParallel = YES;
				LastUpgradeCheck = 1430;
				TargetAttributes = {
					44B4E3566E74816763EAE881 = {
						DevelopmentTeam = 2D3239GKS4;
						ProvisioningStyle = Manual;
					};
					64543A0CEF5170FD3D167B61 = {
						DevelopmentTeam = 2D3239GKS4;
						ProvisioningStyle = Manual;
					};
				};
			};
			buildConfigurationList = 218D04DC99D9F976BCDEF7A5 /* Build configuration list for PBXProject "iceKast" */;
			developmentRegion = en;
			hasScannedForEncodings = 0;
			knownRegions = (
				Base,
				en,
			);
			mainGroup = ABC2754F1102E4F8CDB12FB6;
			minimizedProjectReferenceProxies = 1;
			preferredProjectObjectVersion = 77;
			productRefGroup = B608ED05D17B3978849F42D3 /* Products */;
			projectDirPath = "";
			projectRoot = "";
			targets = (
				44B4E3566E74816763EAE881 /* iceKast */,
				64543A0CEF5170FD3D167B61 /* iceKastTests */,
			);
		};
/* End PBXProject section */

/* Begin PBXResourcesBuildPhase section */
		1EEAB333041A02A56A14FD91 /* Resources */ = {
			isa = PBXResourcesBuildPhase;
			buildActionMask = 2147483647;
			files = (
				C4667516C71D1F93E004A086 /* Assets.xcassets in Resources */,
			);
			runOnlyForDeploymentPostprocessing = 0;
		};
/* End PBXResourcesBuildPhase section */

/* Begin PBXShellScriptBuildPhase section */
		D3EEA0E1BF9CD6CE0B6FF5CE /* Bundle Icecast */ = {
			isa = PBXShellScriptBuildPhase;
			alwaysOutOfDate = 1;
			buildActionMask = 2147483647;
			files = (
			);
			inputFileListPaths = (
			);
			inputPaths = (
			);
			name = "Bundle Icecast";
			outputFileListPaths = (
			);
			outputPaths = (
			);
			runOnlyForDeploymentPostprocessing = 0;
			shellPath = /bin/sh;
			shellScript = "set -euo pipefail\nSRC=\"$SRCROOT/build/icecast\"\nif [ ! -x \"$SRC/icecast\" ]; then\n  echo \"error: build/icecast/icecast missing. Run scripts/build-icecast.sh first.\"\n  exit 1\nfi\nAPP=\"$TARGET_BUILD_DIR/$CONTENTS_FOLDER_PATH\"\nmkdir -p \"$APP/Helpers\" \"$APP/Resources/icecast-share\" \"$APP/Library/LaunchAgents\"\nID=\"${EXPANDED_CODE_SIGN_IDENTITY:--}\"\n[ -z \"$ID\" ] && ID=\"-\"\n# Release builds get Apple's secure timestamp (needed for Developer ID / notarization).\nTS=\"--timestamp=none\"; [ \"${CONFIGURATION:-}\" = \"Release\" ] && TS=\"--timestamp\"\n# Only replace the bundled icecast when it changed. In a dev\n# build the running background server executes this very file, and rewriting or\n# re-signing it would make macOS kill the server and drop live streams.\nSTAMP_FILE=\"$TARGET_TEMP_DIR/icecast.stamp\"\nSTAMP=\"$(shasum -a 256 \"$SRC/icecast\" | cut -d' ' -f1)\"\nif [ ! -x \"$APP/Helpers/icecast\" ] || [ \"$(cat \"$STAMP_FILE\" 2>/dev/null)\" != \"$STAMP\" ]; then\n  cp \"$SRC/icecast\" \"$APP/Helpers/icecast\"\n  codesign --force --options runtime $TS --sign \"$ID\" \"$APP/Helpers/icecast\"\n  echo \"$STAMP\" > \"$STAMP_FILE\"\nfi\nrsync -a --delete \"$SRC/share/\" \"$APP/Resources/icecast-share/\"\n# Launcher run by launchd; universal, built here so it matches the app's deployment target.\nLSTAMP_FILE=\"$TARGET_TEMP_DIR/launcher.stamp\"\nLSTAMP=\"$(shasum -a 256 \"$SRCROOT/Launcher/icekast-launch.c\" | cut -d' ' -f1)\"\nif [ ! -x \"$APP/Helpers/icekast-launch\" ] || [ \"$(cat \"$LSTAMP_FILE\" 2>/dev/null)\" != \"$LSTAMP\" ]; then\n  clang -O2 -arch arm64 -arch x86_64 -mmacosx-version-min=13.0 \\\n    \"$SRCROOT/Launcher/icekast-launch.c\" -o \"$APP/Helpers/icekast-launch\"\n  codesign --force --options runtime $TS --sign \"$ID\" \"$APP/Helpers/icekast-launch\"\n  echo \"$LSTAMP\" > \"$LSTAMP_FILE\"\nfi\ncp \"$SRCROOT/Launcher/com.macinmind.icekast.server.plist\" \"$APP/Library/LaunchAgents/\"\n";
		};
/* End PBXShellScriptBuildPhase section */

/* Begin PBXSourcesBuildPhase section */
		81F118436C94ED6C9D534CA5 /* Sources */ = {
			isa = PBXSourcesBuildPhase;
			buildActionMask = 2147483647;
			files = (
				E4361044E9F2B41EC5FD1A9E /* AlertTracker.swift in Sources */,
				9197E600CD085B542496E3FE /* AppModel.swift in Sources */,
				3C5022967D33ABAA0CCA0F22 /* AppPaths.swift in Sources */,
				2E30914DCBECCE3C7657A8C0 /* Components.swift in Sources */,
				E1C899DA158C9994A5C958CC /* Config.swift in Sources */,
				26AF116D56104A92424E28A5 /* ConfigWriter.swift in Sources */,
				A3C1C56E92FD40D1B05275C9 /* ContentView.swift in Sources */,
				8C31F7686A91EF615565D4A4 /* DirectoryListing.swift in Sources */,
				97917B74A15552A6C141652F /* Encoders.swift in Sources */,
				328C0A54CF8FBEE00A1EEE16 /* IcecastService.swift in Sources */,
				C8DDFE3FB2D624AC0E479C05 /* LoginItem.swift in Sources */,
				A10916E93C379042D8E3ABF0 /* MountView.swift in Sources */,
				9ED733F0CE23A69C8280F1BC /* NetworkInfo.swift in Sources */,
				F163D26329BDDA9B885CB237 /* Notifier.swift in Sources */,
				0CD2D013DC0E6431D00D05EA /* PortCheck.swift in Sources */,
				58E83162EBEE0AC7C56F244F /* ServerView.swift in Sources */,
				0625E6E12BF8933D99D18513 /* SetupLogic.swift in Sources */,
				E1BA22D5E03A2E9F680B9716 /* SetupWizard.swift in Sources */,
				CA744E4C9B4D50BF4F61EA54 /* ShareLinks.swift in Sources */,
				4D3FAAC2346F469C51FF1BC9 /* ShareViews.swift in Sources */,
				86C35CCCD314E286FA4310C1 /* StatusParser.swift in Sources */,
				70F318065183E3EECE5879CB /* StatusPoller.swift in Sources */,
				A325D6AD4A7A2981DFD839F0 /* StreamInfoText.swift in Sources */,
				AD5EA5C61B6D72D55EAD5B0D /* Validator.swift in Sources */,
				6836B71669609FF48B76ED58 /* iceKastApp.swift in Sources */,
			);
			runOnlyForDeploymentPostprocessing = 0;
		};
		B1D944B501E3378449C66679 /* Sources */ = {
			isa = PBXSourcesBuildPhase;
			buildActionMask = 2147483647;
			files = (
				EFC55D331D561913CEE386DD /* AlertTests.swift in Sources */,
				27463D24CF71CB1DF37052E4 /* ConfigTests.swift in Sources */,
				AAC00DFD6C2D7E2DE2FEDD53 /* SnapshotTests.swift in Sources */,
			);
			runOnlyForDeploymentPostprocessing = 0;
		};
/* End PBXSourcesBuildPhase section */

/* Begin PBXTargetDependency section */
		59C2BADB6F3E816E44DD9D48 /* PBXTargetDependency */ = {
			isa = PBXTargetDependency;
			target = 44B4E3566E74816763EAE881 /* iceKast */;
			targetProxy = EEB6318B5196ABB95A8CEFEA /* PBXContainerItemProxy */;
		};
/* End PBXTargetDependency section */

/* Begin XCBuildConfiguration section */
		266FD60BBC8C66A72A210056 /* Release */ = {
			isa = XCBuildConfiguration;
			buildSettings = {
				ASSETCATALOG_COMPILER_APPICON_NAME = AppIcon;
				CODE_SIGN_ENTITLEMENTS = iceKast/iceKast.entitlements;
				COMBINE_HIDPI_IMAGES = YES;
				GENERATE_INFOPLIST_FILE = NO;
				INFOPLIST_FILE = iceKast/Info.plist;
				LD_RUNPATH_SEARCH_PATHS = (
					"$(inherited)",
					"@executable_path/../Frameworks",
				);
				PRODUCT_BUNDLE_IDENTIFIER = com.macinmind.icekast;
				SDKROOT = macosx;
			};
			name = Release;
		};
		2D232E15216C76784A495C58 /* Debug */ = {
			isa = XCBuildConfiguration;
			buildSettings = {
				ASSETCATALOG_COMPILER_APPICON_NAME = AppIcon;
				CODE_SIGN_ENTITLEMENTS = iceKast/iceKast.entitlements;
				COMBINE_HIDPI_IMAGES = YES;
				GENERATE_INFOPLIST_FILE = NO;
				INFOPLIST_FILE = iceKast/Info.plist;
				LD_RUNPATH_SEARCH_PATHS = (
					"$(inherited)",
					"@executable_path/../Frameworks",
				);
				PRODUCT_BUNDLE_IDENTIFIER = com.macinmind.icekast;
				SDKROOT = macosx;
			};
			name = Debug;
		};
		3C9D95DF22EE3EAE4FEF86B2 /* Release */ = {
			isa = XCBuildConfiguration;
			buildSettings = {
				ALWAYS_SEARCH_USER_PATHS = NO;
				CLANG_ANALYZER_NONNULL = YES;
				CLANG_ANALYZER_NUMBER_OBJECT_CONVERSION = YES_AGGRESSIVE;
				CLANG_CXX_LANGUAGE_STANDARD = "gnu++14";
				CLANG_CXX_LIBRARY = "libc++";
				CLANG_ENABLE_MODULES = YES;
				CLANG_ENABLE_OBJC_ARC = YES;
				CLANG_ENABLE_OBJC_WEAK = YES;
				CLANG_WARN_BLOCK_CAPTURE_AUTORELEASING = YES;
				CLANG_WARN_BOOL_CONVERSION = YES;
				CLANG_WARN_COMMA = YES;
				CLANG_WARN_CONSTANT_CONVERSION = YES;
				CLANG_WARN_DEPRECATED_OBJC_IMPLEMENTATIONS = YES;
				CLANG_WARN_DIRECT_OBJC_ISA_USAGE = YES_ERROR;
				CLANG_WARN_DOCUMENTATION_COMMENTS = YES;
				CLANG_WARN_EMPTY_BODY = YES;
				CLANG_WARN_ENUM_CONVERSION = YES;
				CLANG_WARN_INFINITE_RECURSION = YES;
				CLANG_WARN_INT_CONVERSION = YES;
				CLANG_WARN_NON_LITERAL_NULL_CONVERSION = YES;
				CLANG_WARN_OBJC_IMPLICIT_RETAIN_SELF = YES;
				CLANG_WARN_OBJC_LITERAL_CONVERSION = YES;
				CLANG_WARN_OBJC_ROOT_CLASS = YES_ERROR;
				CLANG_WARN_QUOTED_INCLUDE_IN_FRAMEWORK_HEADER = YES;
				CLANG_WARN_RANGE_LOOP_ANALYSIS = YES;
				CLANG_WARN_STRICT_PROTOTYPES = YES;
				CLANG_WARN_SUSPICIOUS_MOVE = YES;
				CLANG_WARN_UNGUARDED_AVAILABILITY = YES_AGGRESSIVE;
				CLANG_WARN_UNREACHABLE_CODE = YES;
				CLANG_WARN__DUPLICATE_METHOD_MATCH = YES;
				CODE_SIGN_IDENTITY = "Developer ID Application";
				CODE_SIGN_INJECT_BASE_ENTITLEMENTS = NO;
				CODE_SIGN_STYLE = Manual;
				COPY_PHASE_STRIP = NO;
				CURRENT_PROJECT_VERSION = 1.0.0.2.1;
				DEBUG_INFORMATION_FORMAT = "dwarf-with-dsym";
				DEVELOPMENT_TEAM = 2D3239GKS4;
				ENABLE_HARDENED_RUNTIME = YES;
				ENABLE_NS_ASSERTIONS = NO;
				ENABLE_STRICT_OBJC_MSGSEND = YES;
				ENABLE_USER_SCRIPT_SANDBOXING = NO;
				GCC_C_LANGUAGE_STANDARD = gnu11;
				GCC_NO_COMMON_BLOCKS = YES;
				GCC_WARN_64_TO_32_BIT_CONVERSION = YES;
				GCC_WARN_ABOUT_RETURN_TYPE = YES_ERROR;
				GCC_WARN_UNDECLARED_SELECTOR = YES;
				GCC_WARN_UNINITIALIZED_AUTOS = YES_AGGRESSIVE;
				GCC_WARN_UNUSED_FUNCTION = YES;
				GCC_WARN_UNUSED_VARIABLE = YES;
				MACOSX_DEPLOYMENT_TARGET = 13.0;
				MARKETING_VERSION = 1.0b1;
				MTL_ENABLE_DEBUG_INFO = NO;
				MTL_FAST_MATH = YES;
				OTHER_CODE_SIGN_FLAGS = "--timestamp";
				PRODUCT_NAME = "$(TARGET_NAME)";
				SDKROOT = macosx;
				SWIFT_COMPILATION_MODE = wholemodule;
				SWIFT_OPTIMIZATION_LEVEL = "-O";
				SWIFT_VERSION = 5.0;
			};
			name = Release;
		};
		5850D0E3382F3C70E75DBEFD /* Debug */ = {
			isa = XCBuildConfiguration;
			buildSettings = {
				BUNDLE_LOADER = "$(TEST_HOST)";
				COMBINE_HIDPI_IMAGES = YES;
				GENERATE_INFOPLIST_FILE = YES;
				LD_RUNPATH_SEARCH_PATHS = (
					"$(inherited)",
					"@executable_path/../Frameworks",
					"@loader_path/../Frameworks",
				);
				PRODUCT_BUNDLE_IDENTIFIER = com.macinmind.iceKastTests;
				SDKROOT = macosx;
				TEST_HOST = "$(BUILT_PRODUCTS_DIR)/iceKast.app/Contents/MacOS/iceKast";
			};
			name = Debug;
		};
		6DB20404084C28F87CA4DC65 /* Debug */ = {
			isa = XCBuildConfiguration;
			buildSettings = {
				ALWAYS_SEARCH_USER_PATHS = NO;
				CLANG_ANALYZER_NONNULL = YES;
				CLANG_ANALYZER_NUMBER_OBJECT_CONVERSION = YES_AGGRESSIVE;
				CLANG_CXX_LANGUAGE_STANDARD = "gnu++14";
				CLANG_CXX_LIBRARY = "libc++";
				CLANG_ENABLE_MODULES = YES;
				CLANG_ENABLE_OBJC_ARC = YES;
				CLANG_ENABLE_OBJC_WEAK = YES;
				CLANG_WARN_BLOCK_CAPTURE_AUTORELEASING = YES;
				CLANG_WARN_BOOL_CONVERSION = YES;
				CLANG_WARN_COMMA = YES;
				CLANG_WARN_CONSTANT_CONVERSION = YES;
				CLANG_WARN_DEPRECATED_OBJC_IMPLEMENTATIONS = YES;
				CLANG_WARN_DIRECT_OBJC_ISA_USAGE = YES_ERROR;
				CLANG_WARN_DOCUMENTATION_COMMENTS = YES;
				CLANG_WARN_EMPTY_BODY = YES;
				CLANG_WARN_ENUM_CONVERSION = YES;
				CLANG_WARN_INFINITE_RECURSION = YES;
				CLANG_WARN_INT_CONVERSION = YES;
				CLANG_WARN_NON_LITERAL_NULL_CONVERSION = YES;
				CLANG_WARN_OBJC_IMPLICIT_RETAIN_SELF = YES;
				CLANG_WARN_OBJC_LITERAL_CONVERSION = YES;
				CLANG_WARN_OBJC_ROOT_CLASS = YES_ERROR;
				CLANG_WARN_QUOTED_INCLUDE_IN_FRAMEWORK_HEADER = YES;
				CLANG_WARN_RANGE_LOOP_ANALYSIS = YES;
				CLANG_WARN_STRICT_PROTOTYPES = YES;
				CLANG_WARN_SUSPICIOUS_MOVE = YES;
				CLANG_WARN_UNGUARDED_AVAILABILITY = YES_AGGRESSIVE;
				CLANG_WARN_UNREACHABLE_CODE = YES;
				CLANG_WARN__DUPLICATE_METHOD_MATCH = YES;
				CODE_SIGN_IDENTITY = "Apple Development";
				CODE_SIGN_STYLE = Manual;
				COPY_PHASE_STRIP = NO;
				CURRENT_PROJECT_VERSION = 1.0.0.2.1;
				DEBUG_INFORMATION_FORMAT = dwarf;
				DEVELOPMENT_TEAM = 2D3239GKS4;
				ENABLE_HARDENED_RUNTIME = YES;
				ENABLE_STRICT_OBJC_MSGSEND = YES;
				ENABLE_TESTABILITY = YES;
				ENABLE_USER_SCRIPT_SANDBOXING = NO;
				GCC_C_LANGUAGE_STANDARD = gnu11;
				GCC_DYNAMIC_NO_PIC = NO;
				GCC_NO_COMMON_BLOCKS = YES;
				GCC_OPTIMIZATION_LEVEL = 0;
				GCC_PREPROCESSOR_DEFINITIONS = (
					"$(inherited)",
					"DEBUG=1",
				);
				GCC_WARN_64_TO_32_BIT_CONVERSION = YES;
				GCC_WARN_ABOUT_RETURN_TYPE = YES_ERROR;
				GCC_WARN_UNDECLARED_SELECTOR = YES;
				GCC_WARN_UNINITIALIZED_AUTOS = YES_AGGRESSIVE;
				GCC_WARN_UNUSED_FUNCTION = YES;
				GCC_WARN_UNUSED_VARIABLE = YES;
				MACOSX_DEPLOYMENT_TARGET = 13.0;
				MARKETING_VERSION = 1.0b1;
				MTL_ENABLE_DEBUG_INFO = INCLUDE_SOURCE;
				MTL_FAST_MATH = YES;
				ONLY_ACTIVE_ARCH = YES;
				PRODUCT_NAME = "$(TARGET_NAME)";
				SDKROOT = macosx;
				SWIFT_ACTIVE_COMPILATION_CONDITIONS = DEBUG;
				SWIFT_OPTIMIZATION_LEVEL = "-Onone";
				SWIFT_VERSION = 5.0;
			};
			name = Debug;
		};
		8DB0CE82A02C59CDA388AA2E /* Release */ = {
			isa = XCBuildConfiguration;
			buildSettings = {
				BUNDLE_LOADER = "$(TEST_HOST)";
				COMBINE_HIDPI_IMAGES = YES;
				GENERATE_INFOPLIST_FILE = YES;
				LD_RUNPATH_SEARCH_PATHS = (
					"$(inherited)",
					"@executable_path/../Frameworks",
					"@loader_path/../Frameworks",
				);
				PRODUCT_BUNDLE_IDENTIFIER = com.macinmind.iceKastTests;
				SDKROOT = macosx;
				TEST_HOST = "$(BUILT_PRODUCTS_DIR)/iceKast.app/Contents/MacOS/iceKast";
			};
			name = Release;
		};
/* End XCBuildConfiguration section */

/* Begin XCConfigurationList section */
		218D04DC99D9F976BCDEF7A5 /* Build configuration list for PBXProject "iceKast" */ = {
			isa = XCConfigurationList;
			buildConfigurations = (
				6DB20404084C28F87CA4DC65 /* Debug */,
				3C9D95DF22EE3EAE4FEF86B2 /* Release */,
			);
			defaultConfigurationIsVisible = 0;
			defaultConfigurationName = Debug;
		};
		87C4E1594F234C18D9A6D036 /* Build configuration list for PBXNativeTarget "iceKastTests" */ = {
			isa = XCConfigurationList;
			buildConfigurations = (
				5850D0E3382F3C70E75DBEFD /* Debug */,
				8DB0CE82A02C59CDA388AA2E /* Release */,
			);
			defaultConfigurationIsVisible = 0;
			defaultConfigurationName = Debug;
		};
		ED824A107567315E837AEAC5 /* Build configuration list for PBXNativeTarget "iceKast" */ = {
			isa = XCConfigurationList;
			buildConfigurations = (
				2D232E15216C76784A495C58 /* Debug */,
				266FD60BBC8C66A72A210056 /* Release */,
			);
			defaultConfigurationIsVisible = 0;
			defaultConfigurationName = Debug;
		};
/* End XCConfigurationList section */
	};
	rootObject = 22CEAB74B9D80F4133EB5899 /* Project object */;
}
